
Microsoft Visual Studio Solution File, Format Version 12.00
# Visual Studio Version 16
VisualStudioVersion = 16.0.30517.126
MinimumVisualStudioVersion = 10.0.40219.1
Project("{FAE04EC0-301F-11D3-BF4B-00C04F79EFBC}") = "GitTeamExplorerDemo", "GitTeamExplorerDemo\GitTeamExplorerDemo.csproj", "{61FA9269-29BF-4A3C-8A3E-B6FF2F675B25}"
EndProject
Global
	GlobalSection(SolutionConfigurationPlatforms) = preSolution
		Debug|Any CPU = Debug|Any CPU
		Release|Any CPU = Release|Any CPU
	EndGlobalSection
	GlobalSection(ProjectConfigurationPlatforms) = postSolution
		{61FA9269-29BF-4A3C-8A3E-B6FF2F675B25}.Debug|Any CPU.ActiveCfg = Debug|Any CPU
		{61FA9269-29BF-4A3C-8A3E-B6FF2F675B25}.Debug|Any CPU.Build.0 = Debug|Any CPU
		{61FA9269-29BF-4A3C-8A3E-B6FF2F675B25}.Release|Any CPU.ActiveCfg = Release|Any CPU
		{61FA9269-29BF-4A3C-8A3E-B6FF2F675B25}.Release|Any CPU.Build.0 = Release|Any CPU
	EndGlobalSection
	GlobalSection(SolutionProperties) = preSolution
		HideSolutionNode = FALSE
	EndGlobalSection
	GlobalSection(ExtensibilityGlobals) = postSolution
		SolutionGuid = {680F96B6-3E96-4C04-8FE2-FB690D9C2739}
	EndGlobalSection
EndGlobal
